
Microsoft Visual Studio Solution File, Format Version 12.00
# Visual Studio Version 17
VisualStudioVersion = 17.2.32526.322
MinimumVisualStudioVersion = 10.0.40219.1
Project("{FAE04EC0-301F-11D3-BF4B-00C04F79EFBC}") = "SATProject.UI.MVC", "SATProject\SATProject.UI.MVC.csproj", "{F35D4427-3C67-4DC2-A9E8-D4D5B529FC49}"
EndProject
Project("{FAE04EC0-301F-11D3-BF4B-00C04F79EFBC}") = "SATProject.DATA.EF", "SATProject.DATA.EF\SATProject.DATA.EF.csproj", "{CDC79640-72D0-4698-9619-B8FA8DE29F68}"
EndProject
Global
	GlobalSection(SolutionConfigurationPlatforms) = preSolution
		Debug|Any CPU = Debug|Any CPU
		Release|Any CPU = Release|Any CPU
	EndGlobalSection
	GlobalSection(ProjectConfigurationPlatforms) = postSolution
		{F35D4427-3C67-4DC2-A9E8-D4D5B529FC49}.Debug|Any CPU.ActiveCfg = Debug|Any CPU
		{F35D4427-3C67-4DC2-A9E8-D4D5B529FC49}.Debug|Any CPU.Build.0 = Debug|Any CPU
		{F35D4427-3C67-4DC2-A9E8-D4D5B529FC49}.Release|Any CPU.ActiveCfg = Release|Any CPU
		{F35D4427-3C67-4DC2-A9E8-D4D5B529FC49}.Release|Any CPU.Build.0 = Release|Any CPU
		{CDC79640-72D0-4698-9619-B8FA8DE29F68}.Debug|Any CPU.ActiveCfg = Debug|Any CPU
		{CDC79640-72D0-4698-9619-B8FA8DE29F68}.Debug|Any CPU.Build.0 = Debug|Any CPU
		{CDC79640-72D0-4698-9619-B8FA8DE29F68}.Release|Any CPU.ActiveCfg = Release|Any CPU
		{CDC79640-72D0-4698-9619-B8FA8DE29F68}.Release|Any CPU.Build.0 = Release|Any CPU
	EndGlobalSection
	GlobalSection(SolutionProperties) = preSolution
		HideSolutionNode = FALSE
	EndGlobalSection
	GlobalSection(ExtensibilityGlobals) = postSolution
		SolutionGuid = {5593B240-08BB-49D4-B6DA-D293AD523142}
	EndGlobalSection
EndGlobal
